// !$*UTF8*$!
{
	archiveVersion = 1;
	classes = {
	};
	objectVersion = 50;
	objects = {

/* Begin PBXBuildFile section */
		6716336A199BA55A213AF917 /* Pods_game2048.framework in Frameworks */ = {isa = PBXBuildFile; fileRef = 85B419F10FD09C523C9BE137 /* Pods_game2048.framework */; };
		79049F4A64782CBD7831BF11 /* Pods_game2048Tests.framework in Frameworks */ = {isa = PBXBuildFile; fileRef = 9B4F0A3C94AE4BEA9BB96C8C /* Pods_game2048Tests.framework */; };
		D022A68D2244348C007E6F03 /* GoogleService-Info.plist in Resources */ = {isa = PBXBuildFile; fileRef = D022A68C2244348C007E6F03 /* GoogleService-Info.plist */; };
		D022A6902244582B007E6F03 /* scoresVC.swift in Sources */ = {isa = PBXBuildFile; fileRef = D022A68F2244582B007E6F03 /* scoresVC.swift */; };
		D0A0DA22224E950600D71787 /* gameOverVC.swift in Sources */ = {isa = PBXBuildFile; fileRef = D0A0DA21224E950600D71787 /* gameOverVC.swift */; };
		D0EE94612242D54C00BA4A7F /* AppDelegate.swift in Sources */ = {isa = PBXBuildFile; fileRef = D0EE94602242D54C00BA4A7F /* AppDelegate.swift */; };
		D0EE94632242D54C00BA4A7F /* gameVC.swift in Sources */ = {isa = PBXBuildFile; fileRef = D0EE94622242D54C00BA4A7F /* gameVC.swift */; };
		D0EE94662242D54C00BA4A7F /* Main.storyboard in Resources */ = {isa = PBXBuildFile; fileRef = D0EE94642242D54C00BA4A7F /* Main.storyboard */; };
		D0EE94682242D54D00BA4A7F /* Assets.xcassets in Resources */ = {isa = PBXBuildFile; fileRef = D0EE94672242D54D00BA4A7F /* Assets.xcassets */; };
		D0EE946B2242D54D00BA4A7F /* LaunchScreen.storyboard in Resources */ = {isa = PBXBuildFile; fileRef = D0EE94692242D54D00BA4A7F /* LaunchScreen.storyboard */; };
		D0EE94762242D54D00BA4A7F /* game2048Tests.swift in Sources */ = {isa = PBXBuildFile; fileRef = D0EE94752242D54D00BA4A7F /* game2048Tests.swift */; };
		D0EE94812242D54D00BA4A7F /* game2048UITests.swift in Sources */ = {isa = PBXBuildFile; fileRef = D0EE94802242D54D00BA4A7F /* game2048UITests.swift */; };
		D0EE94902242D6FC00BA4A7F /* Game.swift in Sources */ = {isa = PBXBuildFile; fileRef = D0EE948F2242D6FC00BA4A7F /* Game.swift */; };
		D0EE949322433B5B00BA4A7F /* Board.swift in Sources */ = {isa = PBXBuildFile; fileRef = D0EE949222433B5B00BA4A7F /* Board.swift */; };
		D0EE9496224407E400BA4A7F /* settingsVC.swift in Sources */ = {isa = PBXBuildFile; fileRef = D0EE9495224407E400BA4A7F /* settingsVC.swift */; };
		E3AEC279B415114BEAA77B27 /* Pods_game2048UITests.framework in Frameworks */ = {isa = PBXBuildFile; fileRef = 8C0826418A546111854FEADA /* Pods_game2048UITests.framework */; };
/* End PBXBuildFile section */

/* Begin PBXContainerItemProxy section */
		D0EE94722242D54D00BA4A7F /* PBXContainerItemProxy */ = {
			isa = PBXContainerItemProxy;
			containerPortal = D0EE94552242D54C00BA4A7F /* Project object */;
			proxyType = 1;
			remoteGlobalIDString = D0EE945C2242D54C00BA4A7F;
			remoteInfo = game2048;
		};
		D0EE947D2242D54D00BA4A7F /* PBXContainerItemProxy */ = {
			isa = PBXContainerItemProxy;
			containerPortal = D0EE94552242D54C00BA4A7F /* Project object */;
			proxyType = 1;
			remoteGlobalIDString = D0EE945C2242D54C00BA4A7F;
			remoteInfo = game2048;
		};
/* End PBXContainerItemProxy section */

/* Begin PBXFileReference section */
		15C1556487D7B767DCD9A5C3 /* Pods-game2048Tests.release.xcconfig */ = {isa = PBXFileReference; includeInIndex = 1; lastKnownFileType = text.xcconfig; name = "Pods-game2048Tests.release.xcconfig"; path = "Pods/Target Support Files/Pods-game2048Tests/Pods-game2048Tests.release.xcconfig"; sourceTree = "<group>"; };
		85B419F10FD09C523C9BE137 /* Pods_game2048.framework */ = {isa = PBXFileReference; explicitFileType = wrapper.framework; includeInIndex = 0; path = Pods_game2048.framework; sourceTree = BUILT_PRODUCTS_DIR; };
		8C0826418A546111854FEADA /* Pods_game2048UITests.framework */ = {isa = PBXFileReference; explicitFileType = wrapper.framework; includeInIndex = 0; path = Pods_game2048UITests.framework; sourceTree = BUILT_PRODUCTS_DIR; };
		8C0DEFF12D936F371DCAA597 /* Pods-game2048Tests.debug.xcconfig */ = {isa = PBXFileReference; includeInIndex = 1; lastKnownFileType = text.xcconfig; name = "Pods-game2048Tests.debug.xcconfig"; path = "Pods/Target Support Files/Pods-game2048Tests/Pods-game2048Tests.debug.xcconfig"; sourceTree = "<group>"; };
		9B4F0A3C94AE4BEA9BB96C8C /* Pods_game2048Tests.framework */ = {isa = PBXFileReference; explicitFileType = wrapper.framework; includeInIndex = 0; path = Pods_game2048Tests.framework; sourceTree = BUILT_PRODUCTS_DIR; };
		C331DE6AD0F1373FA51E401A /* Pods-game2048.release.xcconfig */ = {isa = PBXFileReference; includeInIndex = 1; lastKnownFileType = text.xcconfig; name = "Pods-game2048.release.xcconfig"; path = "Pods/Target Support Files/Pods-game2048/Pods-game2048.release.xcconfig"; sourceTree = "<group>"; };
		C57CBEF207402A7F2B691290 /* Pods-game2048UITests.debug.xcconfig */ = {isa = PBXFileReference; includeInIndex = 1; lastKnownFileType = text.xcconfig; name = "Pods-game2048UITests.debug.xcconfig"; path = "Pods/Target Support Files/Pods-game2048UITests/Pods-game2048UITests.debug.xcconfig"; sourceTree = "<group>"; };
		D022A68C2244348C007E6F03 /* GoogleService-Info.plist */ = {isa = PBXFileReference; fileEncoding = 4; lastKnownFileType = text.plist.xml; path = "GoogleService-Info.plist"; sourceTree = "<group>"; };
		D022A68F2244582B007E6F03 /* scoresVC.swift */ = {isa = PBXFileReference; lastKnownFileType = sourcecode.swift; path = scoresVC.swift; sourceTree = "<group>"; };
		D0A0DA21224E950600D71787 /* gameOverVC.swift */ = {isa = PBXFileReference; lastKnownFileType = sourcecode.swift; path = gameOverVC.swift; sourceTree = "<group>"; };
		D0EE945D2242D54C00BA4A7F /* game2048.app */ = {isa = PBXFileReference; explicitFileType = wrapper.application; includeInIndex = 0; path = game2048.app; sourceTree = BUILT_PRODUCTS_DIR; };
		D0EE94602242D54C00BA4A7F /* AppDelegate.swift */ = {isa = PBXFileReference; lastKnownFileType = sourcecode.swift; path = AppDelegate.swift; sourceTree = "<group>"; };
		D0EE94622242D54C00BA4A7F /* gameVC.swift */ = {isa = PBXFileReference; lastKnownFileType = sourcecode.swift; path = gameVC.swift; sourceTree = "<group>"; };
		D0EE94652242D54C00BA4A7F /* Base */ = {isa = PBXFileReference; lastKnownFileType = file.storyboard; name = Base; path = Base.lproj/Main.storyboard; sourceTree = "<group>"; };
		D0EE94672242D54D00BA4A7F /* Assets.xcassets */ = {isa = PBXFileReference; lastKnownFileType = folder.assetcatalog; path = Assets.xcassets; sourceTree = "<group>"; };
		D0EE946A2242D54D00BA4A7F /* Base */ = {isa = PBXFileReference; lastKnownFileType = file.storyboard; name = Base; path = Base.lproj/LaunchScreen.storyboard; sourceTree = "<group>"; };
		D0EE946C2242D54D00BA4A7F /* Info.plist */ = {isa = PBXFileReference; lastKnownFileType = text.plist.xml; path = Info.plist; sourceTree = "<group>"; };
		D0EE94712242D54D00BA4A7F /* game2048Tests.xctest */ = {isa = PBXFileReference; explicitFileType = wrapper.cfbundle; includeInIndex = 0; path = game2048Tests.xctest; sourceTree = BUILT_PRODUCTS_DIR; };
		D0EE94752242D54D00BA4A7F /* game2048Tests.swift */ = {isa = PBXFileReference; lastKnownFileType = sourcecode.swift; path = game2048Tests.swift; sourceTree = "<group>"; };
		D0EE94772242D54D00BA4A7F /* Info.plist */ = {isa = PBXFileReference; lastKnownFileType = text.plist.xml; path = Info.plist; sourceTree = "<group>"; };
		D0EE947C2242D54D00BA4A7F /* game2048UITests.xctest */ = {isa = PBXFileReference; explicitFileType = wrapper.cfbundle; includeInIndex = 0; path = game2048UITests.xctest; sourceTree = BUILT_PRODUCTS_DIR; };
		D0EE94802242D54D00BA4A7F /* game2048UITests.swift */ = {isa = PBXFileReference; lastKnownFileType = sourcecode.swift; path = game2048UITests.swift; sourceTree = "<group>"; };
		D0EE94822242D54D00BA4A7F /* Info.plist */ = {isa = PBXFileReference; lastKnownFileType = text.plist.xml; path = Info.plist; sourceTree = "<group>"; };
		D0EE948F2242D6FC00BA4A7F /* Game.swift */ = {isa = PBXFileReference; lastKnownFileType = sourcecode.swift; path = Game.swift; sourceTree = "<group>"; };
		D0EE949222433B5B00BA4A7F /* Board.swift */ = {isa = PBXFileReference; lastKnownFileType = sourcecode.swift; path = Board.swift; sourceTree = "<group>"; };
		D0EE9495224407E400BA4A7F /* settingsVC.swift */ = {isa = PBXFileReference; lastKnownFileType = sourcecode.swift; path = settingsVC.swift; sourceTree = "<group>"; };
		DC048D88B81C683DE8020EFC /* Pods-game2048UITests.release.xcconfig */ = {isa = PBXFileReference; includeInIndex = 1; lastKnownFileType = text.xcconfig; name = "Pods-game2048UITests.release.xcconfig"; path = "Pods/Target Support Files/Pods-game2048UITests/Pods-game2048UITests.release.xcconfig"; sourceTree = "<group>"; };
		E2F1A245FE0C2E6254C9139C /* Pods-game2048.debug.xcconfig */ = {isa = PBXFileReference; includeInIndex = 1; lastKnownFileType = text.xcconfig; name = "Pods-game2048.debug.xcconfig"; path = "Pods/Target Support Files/Pods-game2048/Pods-game2048.debug.xcconfig"; sourceTree = "<group>"; };
/* End PBXFileReference section */

/* Begin PBXFrameworksBuildPhase section */
		D0EE945A2242D54C00BA4A7F /* Frameworks */ = {
			isa = PBXFrameworksBuildPhase;
			buildActionMask = 2147483647;
			files = (
				6716336A199BA55A213AF917 /* Pods_game2048.framework in Frameworks */,
			);
			runOnlyForDeploymentPostprocessing = 0;
		};
		D0EE946E2242D54D00BA4A7F /* Frameworks */ = {
			isa = PBXFrameworksBuildPhase;
			buildActionMask = 2147483647;
			files = (
				79049F4A64782CBD7831BF11 /* Pods_game2048Tests.framework in Frameworks */,
			);
			runOnlyForDeploymentPostprocessing = 0;
		};
		D0EE94792242D54D00BA4A7F /* Frameworks */ = {
			isa = PBXFrameworksBuildPhase;
			buildActionMask = 2147483647;
			files = (
				E3AEC279B415114BEAA77B27 /* Pods_game2048UITests.framework in Frameworks */,
			);
			runOnlyForDeploymentPostprocessing = 0;
		};
/* End PBXFrameworksBuildPhase section */

/* Begin PBXGroup section */
		3E8599968D9A717ACF76C249 /* Pods */ = {
			isa = PBXGroup;
			children = (
				E2F1A245FE0C2E6254C9139C /* Pods-game2048.debug.xcconfig */,
				C331DE6AD0F1373FA51E401A /* Pods-game2048.release.xcconfig */,
				8C0DEFF12D936F371DCAA597 /* Pods-game2048Tests.debug.xcconfig */,
				15C1556487D7B767DCD9A5C3 /* Pods-game2048Tests.release.xcconfig */,
				C57CBEF207402A7F2B691290 /* Pods-game2048UITests.debug.xcconfig */,
				DC048D88B81C683DE8020EFC /* Pods-game2048UITests.release.xcconfig */,
			);
			name = Pods;
			sourceTree = "<group>";
		};
		5C6ADFADB3C317F73EBF5CA6 /* Frameworks */ = {
			isa = PBXGroup;
			children = (
				85B419F10FD09C523C9BE137 /* Pods_game2048.framework */,
				9B4F0A3C94AE4BEA9BB96C8C /* Pods_game2048Tests.framework */,
				8C0826418A546111854FEADA /* Pods_game2048UITests.framework */,
			);
			name = Frameworks;
			sourceTree = "<group>";
		};
		D0EE94542242D54C00BA4A7F = {
			isa = PBXGroup;
			children = (
				D0EE945F2242D54C00BA4A7F /* game2048 */,
				D0EE94742242D54D00BA4A7F /* game2048Tests */,
				D0EE947F2242D54D00BA4A7F /* game2048UITests */,
				D0EE945E2242D54C00BA4A7F /* Products */,
				3E8599968D9A717ACF76C249 /* Pods */,
				5C6ADFADB3C317F73EBF5CA6 /* Frameworks */,
			);
			sourceTree = "<group>";
		};
		D0EE945E2242D54C00BA4A7F /* Products */ = {
			isa = PBXGroup;
			children = (
				D0EE945D2242D54C00BA4A7F /* game2048.app */,
				D0EE94712242D54D00BA4A7F /* game2048Tests.xctest */,
				D0EE947C2242D54D00BA4A7F /* game2048UITests.xctest */,
			);
			name = Products;
			sourceTree = "<group>";
		};
		D0EE945F2242D54C00BA4A7F /* game2048 */ = {
			isa = PBXGroup;
			children = (
				D0EE9494224407D000BA4A7F /* Controller */,
				D0EE949122433B4E00BA4A7F /* View */,
				D0EE948E2242D6E000BA4A7F /* Model */,
				D0EE94602242D54C00BA4A7F /* AppDelegate.swift */,
				D0EE94642242D54C00BA4A7F /* Main.storyboard */,
				D0EE94672242D54D00BA4A7F /* Assets.xcassets */,
				D0EE94692242D54D00BA4A7F /* LaunchScreen.storyboard */,
				D0EE946C2242D54D00BA4A7F /* Info.plist */,
				D022A68C2244348C007E6F03 /* GoogleService-Info.plist */,
			);
			path = game2048;
			sourceTree = "<group>";
		};
		D0EE94742242D54D00BA4A7F /* game2048Tests */ = {
			isa = PBXGroup;
			children = (
				D0EE94752242D54D00BA4A7F /* game2048Tests.swift */,
				D0EE94772242D54D00BA4A7F /* Info.plist */,
			);
			path = game2048Tests;
			sourceTree = "<group>";
		};
		D0EE947F2242D54D00BA4A7F /* game2048UITests */ = {
			isa = PBXGroup;
			children = (
				D0EE94802242D54D00BA4A7F /* game2048UITests.swift */,
				D0EE94822242D54D00BA4A7F /* Info.plist */,
			);
			path = game2048UITests;
			sourceTree = "<group>";
		};
		D0EE948E2242D6E000BA4A7F /* Model */ = {
			isa = PBXGroup;
			children = (
				D0EE948F2242D6FC00BA4A7F /* Game.swift */,
			);
			path = Model;
			sourceTree = "<group>";
		};
		D0EE949122433B4E00BA4A7F /* View */ = {
			isa = PBXGroup;
			children = (
				D0EE949222433B5B00BA4A7F /* Board.swift */,
			);
			path = View;
			sourceTree = "<group>";
		};
		D0EE9494224407D000BA4A7F /* Controller */ = {
			isa = PBXGroup;
			children = (
				D0EE94622242D54C00BA4A7F /* gameVC.swift */,
				D0EE9495224407E400BA4A7F /* settingsVC.swift */,
				D022A68F2244582B007E6F03 /* scoresVC.swift */,
				D0A0DA21224E950600D71787 /* gameOverVC.swift */,
			);
			path = Controller;
			sourceTree = "<group>";
		};
/* End PBXGroup section */

/* Begin PBXNativeTarget section */
		D0EE945C2242D54C00BA4A7F /* game2048 */ = {
			isa = PBXNativeTarget;
			buildConfigurationList = D0EE94852242D54D00BA4A7F /* Build configuration list for PBXNativeTarget "game2048" */;
			buildPhases = (
				599D929F14CC27B6759CF47B /* [CP] Check Pods Manifest.lock */,
				D0EE94592242D54C00BA4A7F /* Sources */,
				D0EE945A2242D54C00BA4A7F /* Frameworks */,
				D0EE945B2242D54C00BA4A7F /* Resources */,
				AD5A4C099FB40FA58A3B3C7B /* [CP] Embed Pods Frameworks */,
				78A7DBC27E05A12F268EFC5A /* [CP] Copy Pods Resources */,
			);
			buildRules = (
			);
			dependencies = (
			);
			name = game2048;
			productName = game2048;
			productReference = D0EE945D2242D54C00BA4A7F /* game2048.app */;
			productType = "com.apple.product-type.application";
		};
		D0EE94702242D54D00BA4A7F /* game2048Tests */ = {
			isa = PBXNativeTarget;
			buildConfigurationList = D0EE94882242D54D00BA4A7F /* Build configuration list for PBXNativeTarget "game2048Tests" */;
			buildPhases = (
				2EF080BBEB94A5346B24F8E0 /* [CP] Check Pods Manifest.lock */,
				D0EE946D2242D54D00BA4A7F /* Sources */,
				D0EE946E2242D54D00BA4A7F /* Frameworks */,
				D0EE946F2242D54D00BA4A7F /* Resources */,
			);
			buildRules = (
			);
			dependencies = (
				D0EE94732242D54D00BA4A7F /* PBXTargetDependency */,
			);
			name = game2048Tests;
			productName = game2048Tests;
			productReference = D0EE94712242D54D00BA4A7F /* game2048Tests.xctest */;
			productType = "com.apple.product-type.bundle.unit-test";
		};
		D0EE947B2242D54D00BA4A7F /* game2048UITests */ = {
			isa = PBXNativeTarget;
			buildConfigurationList = D0EE948B2242D54D00BA4A7F /* Build configuration list for PBXNativeTarget "game2048UITests" */;
			buildPhases = (
				787070B0B4D676E0D40E8A95 /* [CP] Check Pods Manifest.lock */,
				D0EE94782242D54D00BA4A7F /* Sources */,
				D0EE94792242D54D00BA4A7F /* Frameworks */,
				D0EE947A2242D54D00BA4A7F /* Resources */,
			);
			buildRules = (
			);
			dependencies = (
				D0EE947E2242D54D00BA4A7F /* PBXTargetDependency */,
			);
			name = game2048UITests;
			productName = game2048UITests;
			productReference = D0EE947C2242D54D00BA4A7F /* game2048UITests.xctest */;
			productType = "com.apple.product-type.bundle.ui-testing";
		};
/* End PBXNativeTarget section */

/* Begin PBXProject section */
		D0EE94552242D54C00BA4A7F /* Project object */ = {
			isa = PBXProject;
			attributes = {
				LastSwiftUpdateCheck = 1010;
				LastUpgradeCheck = 1010;
				ORGANIZATIONNAME = "Justin Chen";
				TargetAttributes = {
					D0EE945C2242D54C00BA4A7F = {
						CreatedOnToolsVersion = 10.1;
						LastSwiftMigration = 1020;
					};
					D0EE94702242D54D00BA4A7F = {
						CreatedOnToolsVersion = 10.1;
						LastSwiftMigration = 1020;
						TestTargetID = D0EE945C2242D54C00BA4A7F;
					};
					D0EE947B2242D54D00BA4A7F = {
						CreatedOnToolsVersion = 10.1;
						LastSwiftMigration = 1020;
						TestTargetID = D0EE945C2242D54C00BA4A7F;
					};
				};
			};
			buildConfigurationList = D0EE94582242D54C00BA4A7F /* Build configuration list for PBXProject "game2048" */;
			compatibilityVersion = "Xcode 9.3";
			developmentRegion = en;
			hasScannedForEncodings = 0;
			knownRegions = (
				en,
				Base,
			);
			mainGroup = D0EE94542242D54C00BA4A7F;
			productRefGroup = D0EE945E2242D54C00BA4A7F /* Products */;
			projectDirPath = "";
			projectRoot = "";
			targets = (
				D0EE945C2242D54C00BA4A7F /* game2048 */,
				D0EE94702242D54D00BA4A7F /* game2048Tests */,
				D0EE947B2242D54D00BA4A7F /* game2048UITests */,
			);
		};
/* End PBXProject section */

/* Begin PBXResourcesBuildPhase section */
		D0EE945B2242D54C00BA4A7F /* Resources */ = {
			isa = PBXResourcesBuildPhase;
			buildActionMask = 2147483647;
			files = (
				D0EE946B2242D54D00BA4A7F /* LaunchScreen.storyboard in Resources */,
				D022A68D2244348C007E6F03 /* GoogleService-Info.plist in Resources */,
				D0EE94682242D54D00BA4A7F /* Assets.xcassets in Resources */,
				D0EE94662242D54C00BA4A7F /* Main.storyboard in Resources */,
			);
			runOnlyForDeploymentPostprocessing = 0;
		};
		D0EE946F2242D54D00BA4A7F /* Resources */ = {
			isa = PBXResourcesBuildPhase;
			buildActionMask = 2147483647;
			files = (
			);
			runOnlyForDeploymentPostprocessing = 0;
		};
		D0EE947A2242D54D00BA4A7F /* Resources */ = {
			isa = PBXResourcesBuildPhase;
			buildActionMask = 2147483647;
			files = (
			);
			runOnlyForDeploymentPostprocessing = 0;
		};
/* End PBXResourcesBuildPhase section */

/* Begin PBXShellScriptBuildPhase section */
		2EF080BBEB94A5346B24F8E0 /* [CP] Check Pods Manifest.lock */ = {
			isa = PBXShellScriptBuildPhase;
			buildActionMask = 2147483647;
			files = (
			);
			inputFileListPaths = (
			);
			inputPaths = (
				"${PODS_PODFILE_DIR_PATH}/Podfile.lock",
				"${PODS_ROOT}/Manifest.lock",
			);
			name = "[CP] Check Pods Manifest.lock";
			outputFileListPaths = (
			);
			outputPaths = (
				"$(DERIVED_FILE_DIR)/Pods-game2048Tests-checkManifestLockResult.txt",
			);
			runOnlyForDeploymentPostprocessing = 0;
			shellPath = /bin/sh;
			shellScript = "diff \"${PODS_PODFILE_DIR_PATH}/Podfile.lock\" \"${PODS_ROOT}/Manifest.lock\" > /dev/null\nif [ $? != 0 ] ; then\n    # print error to STDERR\n    echo \"error: The sandbox is not in sync with the Podfile.lock. Run 'pod install' or update your CocoaPods installation.\" >&2\n    exit 1\nfi\n# This output is used by Xcode 'outputs' to avoid re-running this script phase.\necho \"SUCCESS\" > \"${SCRIPT_OUTPUT_FILE_0}\"\n";
			showEnvVarsInLog = 0;
		};
		599D929F14CC27B6759CF47B /* [CP] Check Pods Manifest.lock */ = {
			isa = PBXShellScriptBuildPhase;
			buildActionMask = 2147483647;
			files = (
			);
			inputFileListPaths = (
			);
			inputPaths = (
				"${PODS_PODFILE_DIR_PATH}/Podfile.lock",
				"${PODS_ROOT}/Manifest.lock",
			);
			name = "[CP] Check Pods Manifest.lock";
			outputFileListPaths = (
			);
			outputPaths = (
				"$(DERIVED_FILE_DIR)/Pods-game2048-checkManifestLockResult.txt",
			);
			runOnlyForDeploymentPostprocessing = 0;
			shellPath = /bin/sh;
			shellScript = "diff \"${PODS_PODFILE_DIR_PATH}/Podfile.lock\" \"${PODS_ROOT}/Manifest.lock\" > /dev/null\nif [ $? != 0 ] ; then\n    # print error to STDERR\n    echo \"error: The sandbox is not in sync with the Podfile.lock. Run 'pod install' or update your CocoaPods installation.\" >&2\n    exit 1\nfi\n# This output is used by Xcode 'outputs' to avoid re-running this script phase.\necho \"SUCCESS\" > \"${SCRIPT_OUTPUT_FILE_0}\"\n";
			showEnvVarsInLog = 0;
		};
		787070B0B4D676E0D40E8A95 /* [CP] Check Pods Manifest.lock */ = {
			isa = PBXShellScriptBuildPhase;
			buildActionMask = 2147483647;
			files = (
			);
			inputFileListPaths = (
			);
			inputPaths = (
				"${PODS_PODFILE_DIR_PATH}/Podfile.lock",
				"${PODS_ROOT}/Manifest.lock",
			);
			name = "[CP] Check Pods Manifest.lock";
			outputFileListPaths = (
			);
			outputPaths = (
				"$(DERIVED_FILE_DIR)/Pods-game2048UITests-checkManifestLockResult.txt",
			);
			runOnlyForDeploymentPostprocessing = 0;
			shellPath = /bin/sh;
			shellScript = "diff \"${PODS_PODFILE_DIR_PATH}/Podfile.lock\" \"${PODS_ROOT}/Manifest.lock\" > /dev/null\nif [ $? != 0 ] ; then\n    # print error to STDERR\n    echo \"error: The sandbox is not in sync with the Podfile.lock. Run 'pod install' or update your CocoaPods installation.\" >&2\n    exit 1\nfi\n# This output is used by Xcode 'outputs' to avoid re-running this script phase.\necho \"SUCCESS\" > \"${SCRIPT_OUTPUT_FILE_0}\"\n";
			showEnvVarsInLog = 0;
		};
		78A7DBC27E05A12F268EFC5A /* [CP] Copy Pods Resources */ = {
			isa = PBXShellScriptBuildPhase;
			buildActionMask = 2147483647;
			files = (
			);
			inputFileListPaths = (
			);
			inputPaths = (
				"${SRCROOT}/Pods/Target Support Files/Pods-game2048/Pods-game2048-resources.sh",
				"${PODS_CONFIGURATION_BUILD_DIR}/FirebaseUI/FirebaseAnonymousAuthUI.bundle",
				"${PODS_CONFIGURATION_BUILD_DIR}/FirebaseUI/FirebaseAuthUI.bundle",
				"${PODS_CONFIGURATION_BUILD_DIR}/FirebaseUI/FirebaseEmailAuthUI.bundle",
				"${PODS_CONFIGURATION_BUILD_DIR}/FirebaseUI/FirebaseFacebookAuthUI.bundle",
				"${PODS_CONFIGURATION_BUILD_DIR}/FirebaseUI/FirebaseGoogleAuthUI.bundle",
				"${PODS_CONFIGURATION_BUILD_DIR}/FirebaseUI/FirebasePhoneAuthUI.bundle",
				"${PODS_CONFIGURATION_BUILD_DIR}/FirebaseUI/FirebaseTwitterAuthUI.bundle",
				"${PODS_ROOT}/GoogleSignIn/Resources/GoogleSignIn.bundle",
				"${PODS_ROOT}/TwitterKit/iOS/TwitterKit.framework/TwitterKitResources.bundle",
			);
			name = "[CP] Copy Pods Resources";
			outputFileListPaths = (
			);
			outputPaths = (
				"${TARGET_BUILD_DIR}/${UNLOCALIZED_RESOURCES_FOLDER_PATH}/FirebaseAnonymousAuthUI.bundle",
				"${TARGET_BUILD_DIR}/${UNLOCALIZED_RESOURCES_FOLDER_PATH}/FirebaseAuthUI.bundle",
				"${TARGET_BUILD_DIR}/${UNLOCALIZED_RESOURCES_FOLDER_PATH}/FirebaseEmailAuthUI.bundle",
				"${TARGET_BUILD_DIR}/${UNLOCALIZED_RESOURCES_FOLDER_PATH}/FirebaseFacebookAuthUI.bundle",
				"${TARGET_BUILD_DIR}/${UNLOCALIZED_RESOURCES_FOLDER_PATH}/FirebaseGoogleAuthUI.bundle",
				"${TARGET_BUILD_DIR}/${UNLOCALIZED_RESOURCES_FOLDER_PATH}/FirebasePhoneAuthUI.bundle",
				"${TARGET_BUILD_DIR}/${UNLOCALIZED_RESOURCES_FOLDER_PATH}/FirebaseTwitterAuthUI.bundle",
				"${TARGET_BUILD_DIR}/${UNLOCALIZED_RESOURCES_FOLDER_PATH}/GoogleSignIn.bundle",
				"${TARGET_BUILD_DIR}/${UNLOCALIZED_RESOURCES_FOLDER_PATH}/TwitterKitResources.bundle",
			);
			runOnlyForDeploymentPostprocessing = 0;
			shellPath = /bin/sh;
			shellScript = "\"${SRCROOT}/Pods/Target Support Files/Pods-game2048/Pods-game2048-resources.sh\"\n";
			showEnvVarsInLog = 0;
		};
		AD5A4C099FB40FA58A3B3C7B /* [CP] Embed Pods Frameworks */ = {
			isa = PBXShellScriptBuildPhase;
			buildActionMask = 2147483647;
			files = (
			);
			inputFileListPaths = (
			);
			inputPaths = (
				"${SRCROOT}/Pods/Target Support Files/Pods-game2048/Pods-game2048-frameworks.sh",
				"${BUILT_PRODUCTS_DIR}/Bolts/Bolts.framework",
				"${BUILT_PRODUCTS_DIR}/BoringSSL-GRPC/openssl_grpc.framework",
				"${BUILT_PRODUCTS_DIR}/FBSDKCoreKit/FBSDKCoreKit.framework",
				"${BUILT_PRODUCTS_DIR}/FBSDKLoginKit/FBSDKLoginKit.framework",
				"${BUILT_PRODUCTS_DIR}/GTMSessionFetcher/GTMSessionFetcher.framework",
				"${BUILT_PRODUCTS_DIR}/GoogleToolboxForMac/GoogleToolboxForMac.framework",
				"${BUILT_PRODUCTS_DIR}/GoogleUtilities/GoogleUtilities.framework",
				"${BUILT_PRODUCTS_DIR}/Protobuf/Protobuf.framework",
				"${BUILT_PRODUCTS_DIR}/SDWebImage/SDWebImage.framework",
				"${PODS_ROOT}/TwitterCore/iOS/TwitterCore.framework",
				"${PODS_ROOT}/TwitterKit/iOS/TwitterKit.framework",
				"${BUILT_PRODUCTS_DIR}/gRPC-C++/grpcpp.framework",
				"${BUILT_PRODUCTS_DIR}/gRPC-Core/grpc.framework",
				"${BUILT_PRODUCTS_DIR}/leveldb-library/leveldb.framework",
				"${BUILT_PRODUCTS_DIR}/nanopb/nanopb.framework",
			);
			name = "[CP] Embed Pods Frameworks";
			outputFileListPaths = (
			);
			outputPaths = (
				"${TARGET_BUILD_DIR}/${FRAMEWORKS_FOLDER_PATH}/Bolts.framework",
				"${TARGET_BUILD_DIR}/${FRAMEWORKS_FOLDER_PATH}/openssl_grpc.framework",
				"${TARGET_BUILD_DIR}/${FRAMEWORKS_FOLDER_PATH}/FBSDKCoreKit.framework",
				"${TARGET_BUILD_DIR}/${FRAMEWORKS_FOLDER_PATH}/FBSDKLoginKit.framework",
				"${TARGET_BUILD_DIR}/${FRAMEWORKS_FOLDER_PATH}/GTMSessionFetcher.framework",
				"${TARGET_BUILD_DIR}/${FRAMEWORKS_FOLDER_PATH}/GoogleToolboxForMac.framework",
				"${TARGET_BUILD_DIR}/${FRAMEWORKS_FOLDER_PATH}/GoogleUtilities.framework",
				"${TARGET_BUILD_DIR}/${FRAMEWORKS_FOLDER_PATH}/Protobuf.framework",
				"${TARGET_BUILD_DIR}/${FRAMEWORKS_FOLDER_PATH}/SDWebImage.framework",
				"${TARGET_BUILD_DIR}/${FRAMEWORKS_FOLDER_PATH}/TwitterCore.framework",
				"${TARGET_BUILD_DIR}/${FRAMEWORKS_FOLDER_PATH}/TwitterKit.framework",
				"${TARGET_BUILD_DIR}/${FRAMEWORKS_FOLDER_PATH}/grpcpp.framework",
				"${TARGET_BUILD_DIR}/${FRAMEWORKS_FOLDER_PATH}/grpc.framework",
				"${TARGET_BUILD_DIR}/${FRAMEWORKS_FOLDER_PATH}/leveldb.framework",
				"${TARGET_BUILD_DIR}/${FRAMEWORKS_FOLDER_PATH}/nanopb.framework",
			);
			runOnlyForDeploymentPostprocessing = 0;
			shellPath = /bin/sh;
			shellScript = "\"${SRCROOT}/Pods/Target Support Files/Pods-game2048/Pods-game2048-frameworks.sh\"\n";
			showEnvVarsInLog = 0;
		};
/* End PBXShellScriptBuildPhase section */

/* Begin PBXSourcesBuildPhase section */
		D0EE94592242D54C00BA4A7F /* Sources */ = {
			isa = PBXSourcesBuildPhase;
			buildActionMask = 2147483647;
			files = (
				D0EE94632242D54C00BA4A7F /* gameVC.swift in Sources */,
				D022A6902244582B007E6F03 /* scoresVC.swift in Sources */,
				D0EE94902242D6FC00BA4A7F /* Game.swift in Sources */,
				D0EE949322433B5B00BA4A7F /* Board.swift in Sources */,
				D0A0DA22224E950600D71787 /* gameOverVC.swift in Sources */,
				D0EE94612242D54C00BA4A7F /* AppDelegate.swift in Sources */,
				D0EE9496224407E400BA4A7F /* settingsVC.swift in Sources */,
			);
			runOnlyForDeploymentPostprocessing = 0;
		};
		D0EE946D2242D54D00BA4A7F /* Sources */ = {
			isa = PBXSourcesBuildPhase;
			buildActionMask = 2147483647;
			files = (
				D0EE94762242D54D00BA4A7F /* game2048Tests.swift in Sources */,
			);
			runOnlyForDeploymentPostprocessing = 0;
		};
		D0EE94782242D54D00BA4A7F /* Sources */ = {
			isa = PBXSourcesBuildPhase;
			buildActionMask = 2147483647;
			files = (
				D0EE94812242D54D00BA4A7F /* game2048UITests.swift in Sources */,
			);
			runOnlyForDeploymentPostprocessing = 0;
		};
/* End PBXSourcesBuildPhase section */

/* Begin PBXTargetDependency section */
		D0EE94732242D54D00BA4A7F /* PBXTargetDependency */ = {
			isa = PBXTargetDependency;
			target = D0EE945C2242D54C00BA4A7F /* game2048 */;
			targetProxy = D0EE94722242D54D00BA4A7F /* PBXContainerItemProxy */;
		};
		D0EE947E2242D54D00BA4A7F /* PBXTargetDependency */ = {
			isa = PBXTargetDependency;
			target = D0EE945C2242D54C00BA4A7F /* game2048 */;
			targetProxy = D0EE947D2242D54D00BA4A7F /* PBXContainerItemProxy */;
		};
/* End PBXTargetDependency section */

/* Begin PBXVariantGroup section */
		D0EE94642242D54C00BA4A7F /* Main.storyboard */ = {
			isa = PBXVariantGroup;
			children = (
				D0EE94652242D54C00BA4A7F /* Base */,
			);
			name = Main.storyboard;
			sourceTree = "<group>";
		};
		D0EE94692242D54D00BA4A7F /* LaunchScreen.storyboard */ = {
			isa = PBXVariantGroup;
			children = (
				D0EE946A2242D54D00BA4A7F /* Base */,
			);
			name = LaunchScreen.storyboard;
			sourceTree = "<group>";
		};
/* End PBXVariantGroup section */

/* Begin XCBuildConfiguration section */
		D0EE94832242D54D00BA4A7F /* Debug */ = {
			isa = XCBuildConfiguration;
			buildSettings = {
				ALWAYS_SEARCH_USER_PATHS = NO;
				CLANG_ANALYZER_NONNULL = YES;
				CLANG_ANALYZER_NUMBER_OBJECT_CONVERSION = YES_AGGRESSIVE;
				CLANG_CXX_LANGUAGE_STANDARD = "gnu++14";
				CLANG_CXX_LIBRARY = "libc++";
				CLANG_ENABLE_MODULES = YES;
				CLANG_ENABLE_OBJC_ARC = YES;
				CLANG_ENABLE_OBJC_WEAK = YES;
				CLANG_WARN_BLOCK_CAPTURE_AUTORELEASING = YES;
				CLANG_WARN_BOOL_CONVERSION = YES;
				CLANG_WARN_COMMA = YES;
				CLANG_WARN_CONSTANT_CONVERSION = YES;
				CLANG_WARN_DEPRECATED_OBJC_IMPLEMENTATIONS = YES;
				CLANG_WARN_DIRECT_OBJC_ISA_USAGE = YES_ERROR;
				CLANG_WARN_DOCUMENTATION_COMMENTS = YES;
				CLANG_WARN_EMPTY_BODY = YES;
				CLANG_WARN_ENUM_CONVERSION = YES;
				CLANG_WARN_INFINITE_RECURSION = YES;
				CLANG_WARN_INT_CONVERSION = YES;
				CLANG_WARN_NON_LITERAL_NULL_CONVERSION = YES;
				CLANG_WARN_OBJC_IMPLICIT_RETAIN_SELF = YES;
				CLANG_WARN_OBJC_LITERAL_CONVERSION = YES;
				CLANG_WARN_OBJC_ROOT_CLASS = YES_ERROR;
				CLANG_WARN_RANGE_LOOP_ANALYSIS = YES;
				CLANG_WARN_STRICT_PROTOTYPES = YES;
				CLANG_WARN_SUSPICIOUS_MOVE = YES;
				CLANG_WARN_UNGUARDED_AVAILABILITY = YES_AGGRESSIVE;
				CLANG_WARN_UNREACHABLE_CODE = YES;
				CLANG_WARN__DUPLICATE_METHOD_MATCH = YES;
				CODE_SIGN_IDENTITY = "iPhone Developer";
				COPY_PHASE_STRIP = NO;
				DEBUG_INFORMATION_FORMAT = dwarf;
				ENABLE_STRICT_OBJC_MSGSEND = YES;
				ENABLE_TESTABILITY = YES;
				GCC_C_LANGUAGE_STANDARD = gnu11;
				GCC_DYNAMIC_NO_PIC = NO;
				GCC_NO_COMMON_BLOCKS = YES;
				GCC_OPTIMIZATION_LEVEL = 0;
				GCC_PREPROCESSOR_DEFINITIONS = (
					"DEBUG=1",
					"$(inherited)",
				);
				GCC_WARN_64_TO_32_BIT_CONVERSION = YES;
				GCC_WARN_ABOUT_RETURN_TYPE = YES_ERROR;
				GCC_WARN_UNDECLARED_SELECTOR = YES;
				GCC_WARN_UNINITIALIZED_AUTOS = YES_AGGRESSIVE;
				GCC_WARN_UNUSED_FUNCTION = YES;
				GCC_WARN_UNUSED_VARIABLE = YES;
				IPHONEOS_DEPLOYMENT_TARGET = 12.1;
				MTL_ENABLE_DEBUG_INFO = INCLUDE_SOURCE;
				MTL_FAST_MATH = YES;
				ONLY_ACTIVE_ARCH = YES;
				SDKROOT = iphoneos;
				SWIFT_ACTIVE_COMPILATION_CONDITIONS = DEBUG;
				SWIFT_OPTIMIZATION_LEVEL = "-Onone";
			};
			name = Debug;
		};
		D0EE94842242D54D00BA4A7F /* Release */ = {
			isa = XCBuildConfiguration;
			buildSettings = {
				ALWAYS_SEARCH_USER_PATHS = NO;
				CLANG_ANALYZER_NONNULL = YES;
				CLANG_ANALYZER_NUMBER_OBJECT_CONVERSION = YES_AGGRESSIVE;
				CLANG_CXX_LANGUAGE_STANDARD = "gnu++14";
				CLANG_CXX_LIBRARY = "libc++";
				CLANG_ENABLE_MODULES = YES;
				CLANG_ENABLE_OBJC_ARC = YES;
				CLANG_ENABLE_OBJC_WEAK = YES;
				CLANG_WARN_BLOCK_CAPTURE_AUTORELEASING = YES;
				CLANG_WARN_BOOL_CONVERSION = YES;
				CLANG_WARN_COMMA = YES;
				CLANG_WARN_CONSTANT_CONVERSION = YES;
				CLANG_WARN_DEPRECATED_OBJC_IMPLEMENTATIONS = YES;
				CLANG_WARN_DIRECT_OBJC_ISA_USAGE = YES_ERROR;
				CLANG_WARN_DOCUMENTATION_COMMENTS = YES;
				CLANG_WARN_EMPTY_BODY = YES;
				CLANG_WARN_ENUM_CONVERSION = YES;
				CLANG_WARN_INFINITE_RECURSION = YES;
				CLANG_WARN_INT_CONVERSION = YES;
				CLANG_WARN_NON_LITERAL_NULL_CONVERSION = YES;
				CLANG_WARN_OBJC_IMPLICIT_RETAIN_SELF = YES;
				CLANG_WARN_OBJC_LITERAL_CONVERSION = YES;
				CLANG_WARN_OBJC_ROOT_CLASS = YES_ERROR;
				CLANG_WARN_RANGE_LOOP_ANALYSIS = YES;
				CLANG_WARN_STRICT_PROTOTYPES = YES;
				CLANG_WARN_SUSPICIOUS_MOVE = YES;
				CLANG_WARN_UNGUARDED_AVAILABILITY = YES_AGGRESSIVE;
				CLANG_WARN_UNREACHABLE_CODE = YES;
				CLANG_WARN__DUPLICATE_METHOD_MATCH = YES;
				CODE_SIGN_IDENTITY = "iPhone Developer";
				COPY_PHASE_STRIP = NO;
				DEBUG_INFORMATION_FORMAT = "dwarf-with-dsym";
				ENABLE_NS_ASSERTIONS = NO;
				ENABLE_STRICT_OBJC_MSGSEND = YES;
				GCC_C_LANGUAGE_STANDARD = gnu11;
				GCC_NO_COMMON_BLOCKS = YES;
				GCC_WARN_64_TO_32_BIT_CONVERSION = YES;
				GCC_WARN_ABOUT_RETURN_TYPE = YES_ERROR;
				GCC_WARN_UNDECLARED_SELECTOR = YES;
				GCC_WARN_UNINITIALIZED_AUTOS = YES_AGGRESSIVE;
				GCC_WARN_UNUSED_FUNCTION = YES;
				GCC_WARN_UNUSED_VARIABLE = YES;
				IPHONEOS_DEPLOYMENT_TARGET = 12.1;
				MTL_ENABLE_DEBUG_INFO = NO;
				MTL_FAST_MATH = YES;
				SDKROOT = iphoneos;
				SWIFT_COMPILATION_MODE = wholemodule;
				SWIFT_OPTIMIZATION_LEVEL = "-O";
				VALIDATE_PRODUCT = YES;
			};
			name = Release;
		};
		D0EE94862242D54D00BA4A7F /* Debug */ = {
			isa = XCBuildConfiguration;
			baseConfigurationReference = E2F1A245FE0C2E6254C9139C /* Pods-game2048.debug.xcconfig */;
			buildSettings = {
				ASSETCATALOG_COMPILER_APPICON_NAME = AppIcon;
				CODE_SIGN_STYLE = Automatic;
				DEVELOPMENT_TEAM = JWGP58J72P;
				INFOPLIST_FILE = game2048/Info.plist;
				LD_RUNPATH_SEARCH_PATHS = (
					"$(inherited)",
					"@executable_path/Frameworks",
				);
				PRODUCT_BUNDLE_IDENTIFIER = jc.game2048;
				PRODUCT_NAME = "$(TARGET_NAME)";
				SWIFT_VERSION = 5.0;
				TARGETED_DEVICE_FAMILY = "1,2";
			};
			name = Debug;
		};
		D0EE94872242D54D00BA4A7F /* Release */ = {
			isa = XCBuildConfiguration;
			baseConfigurationReference = C331DE6AD0F1373FA51E401A /* Pods-game2048.release.xcconfig */;
			buildSettings = {
				ASSETCATALOG_COMPILER_APPICON_NAME = AppIcon;
				CODE_SIGN_STYLE = Automatic;
				DEVELOPMENT_TEAM = JWGP58J72P;
				INFOPLIST_FILE = game2048/Info.plist;
				LD_RUNPATH_SEARCH_PATHS = (
					"$(inherited)",
					"@executable_path/Frameworks",
				);
				PRODUCT_BUNDLE_IDENTIFIER = jc.game2048;
				PRODUCT_NAME = "$(TARGET_NAME)";
				SWIFT_VERSION = 5.0;
				TARGETED_DEVICE_FAMILY = "1,2";
			};
			name = Release;
		};
		D0EE94892242D54D00BA4A7F /* Debug */ = {
			isa = XCBuildConfiguration;
			baseConfigurationReference = 8C0DEFF12D936F371DCAA597 /* Pods-game2048Tests.debug.xcconfig */;
			buildSettings = {
				ALWAYS_EMBED_SWIFT_STANDARD_LIBRARIES = YES;
				BUNDLE_LOADER = "$(TEST_HOST)";
				CODE_SIGN_STYLE = Automatic;
				DEVELOPMENT_TEAM = JWGP58J72P;
				INFOPLIST_FILE = game2048Tests/Info.plist;
				LD_RUNPATH_SEARCH_PATHS = (
					"$(inherited)",
					"@executable_path/Frameworks",
					"@loader_path/Frameworks",
				);
				PRODUCT_BUNDLE_IDENTIFIER = jc.game2048Tests;
				PRODUCT_NAME = "$(TARGET_NAME)";
				SWIFT_VERSION = 5.0;
				TARGETED_DEVICE_FAMILY = "1,2";
				TEST_HOST = "$(BUILT_PRODUCTS_DIR)/game2048.app/game2048";
			};
			name = Debug;
		};
		D0EE948A2242D54D00BA4A7F /* Release */ = {
			isa = XCBuildConfiguration;
			baseConfigurationReference = 15C1556487D7B767DCD9A5C3 /* Pods-game2048Tests.release.xcconfig */;
			buildSettings = {
				ALWAYS_EMBED_SWIFT_STANDARD_LIBRARIES = YES;
				BUNDLE_LOADER = "$(TEST_HOST)";
				CODE_SIGN_STYLE = Automatic;
				DEVELOPMENT_TEAM = JWGP58J72P;
				INFOPLIST_FILE = game2048Tests/Info.plist;
				LD_RUNPATH_SEARCH_PATHS = (
					"$(inherited)",
					"@executable_path/Frameworks",
					"@loader_path/Frameworks",
				);
				PRODUCT_BUNDLE_IDENTIFIER = jc.game2048Tests;
				PRODUCT_NAME = "$(TARGET_NAME)";
				SWIFT_VERSION = 5.0;
				TARGETED_DEVICE_FAMILY = "1,2";
				TEST_HOST = "$(BUILT_PRODUCTS_DIR)/game2048.app/game2048";
			};
			name = Release;
		};
		D0EE948C2242D54D00BA4A7F /* Debug */ = {
			isa = XCBuildConfiguration;
			baseConfigurationReference = C57CBEF207402A7F2B691290 /* Pods-game2048UITests.debug.xcconfig */;
			buildSettings = {
				ALWAYS_EMBED_SWIFT_STANDARD_LIBRARIES = YES;
				CODE_SIGN_STYLE = Automatic;
				DEVELOPMENT_TEAM = JWGP58J72P;
				INFOPLIST_FILE = game2048UITests/Info.plist;
				LD_RUNPATH_SEARCH_PATHS = (
					"$(inherited)",
					"@executable_path/Frameworks",
					"@loader_path/Frameworks",
				);
				PRODUCT_BUNDLE_IDENTIFIER = jc.game2048UITests;
				PRODUCT_NAME = "$(TARGET_NAME)";
				SWIFT_VERSION = 5.0;
				TARGETED_DEVICE_FAMILY = "1,2";
				TEST_TARGET_NAME = game2048;
			};
			name = Debug;
		};
		D0EE948D2242D54D00BA4A7F /* Release */ = {
			isa = XCBuildConfiguration;
			baseConfigurationReference = DC048D88B81C683DE8020EFC /* Pods-game2048UITests.release.xcconfig */;
			buildSettings = {
				ALWAYS_EMBED_SWIFT_STANDARD_LIBRARIES = YES;
				CODE_SIGN_STYLE = Automatic;
				DEVELOPMENT_TEAM = JWGP58J72P;
				INFOPLIST_FILE = game2048UITests/Info.plist;
				LD_RUNPATH_SEARCH_PATHS = (
					"$(inherited)",
					"@executable_path/Frameworks",
					"@loader_path/Frameworks",
				);
				PRODUCT_BUNDLE_IDENTIFIER = jc.game2048UITests;
				PRODUCT_NAME = "$(TARGET_NAME)";
				SWIFT_VERSION = 5.0;
				TARGETED_DEVICE_FAMILY = "1,2";
				TEST_TARGET_NAME = game2048;
			};
			name = Release;
		};
/* End XCBuildConfiguration section */

/* Begin XCConfigurationList section */
		D0EE94582242D54C00BA4A7F /* Build configuration list for PBXProject "game2048" */ = {
			isa = XCConfigurationList;
			buildConfigurations = (
				D0EE94832242D54D00BA4A7F /* Debug */,
				D0EE94842242D54D00BA4A7F /* Release */,
			);
			defaultConfigurationIsVisible = 0;
			defaultConfigurationName = Release;
		};
		D0EE94852242D54D00BA4A7F /* Build configuration list for PBXNativeTarget "game2048" */ = {
			isa = XCConfigurationList;
			buildConfigurations = (
				D0EE94862242D54D00BA4A7F /* Debug */,
				D0EE94872242D54D00BA4A7F /* Release */,
			);
			defaultConfigurationIsVisible = 0;
			defaultConfigurationName = Release;
		};
		D0EE94882242D54D00BA4A7F /* Build configuration list for PBXNativeTarget "game2048Tests" */ = {
			isa = XCConfigurationList;
			buildConfigurations = (
				D0EE94892242D54D00BA4A7F /* Debug */,
				D0EE948A2242D54D00BA4A7F /* Release */,
			);
			defaultConfigurationIsVisible = 0;
			defaultConfigurationName = Release;
		};
		D0EE948B2242D54D00BA4A7F /* Build configuration list for PBXNativeTarget "game2048UITests" */ = {
			isa = XCConfigurationList;
			buildConfigurations = (
				D0EE948C2242D54D00BA4A7F /* Debug */,
				D0EE948D2242D54D00BA4A7F /* Release */,
			);
			defaultConfigurationIsVisible = 0;
			defaultConfigurationName = Release;
		};
/* End XCConfigurationList section */
	};
	rootObject = D0EE94552242D54C00BA4A7F /* Project object */;
}
